// !$*UTF8*$!
{
	archiveVersion = 1;
	classes = {
	};
	objectVersion = 56;
	objects = {

/* Begin PBXBuildFile section */
		027ED0462B61FDF900F49DF4 /* AppDelegate.swift in Sources */ = {isa = PBXBuildFile; fileRef = 027ED0452B61FDF900F49DF4 /* AppDelegate.swift */; };
		027ED0482B61FDF900F49DF4 /* SceneDelegate.swift in Sources */ = {isa = PBXBuildFile; fileRef = 027ED0472B61FDF900F49DF4 /* SceneDelegate.swift */; };
		027ED04A2B61FDF900F49DF4 /* ConversationsViewController.swift in Sources */ = {isa = PBXBuildFile; fileRef = 027ED0492B61FDF900F49DF4 /* ConversationsViewController.swift */; };
		027ED04D2B61FDF900F49DF4 /* Main.storyboard in Resources */ = {isa = PBXBuildFile; fileRef = 027ED04B2B61FDF900F49DF4 /* Main.storyboard */; };
		027ED04F2B61FDFA00F49DF4 /* Assets.xcassets in Resources */ = {isa = PBXBuildFile; fileRef = 027ED04E2B61FDFA00F49DF4 /* Assets.xcassets */; };
		027ED0522B61FDFA00F49DF4 /* LaunchScreen.storyboard in Resources */ = {isa = PBXBuildFile; fileRef = 027ED0502B61FDFA00F49DF4 /* LaunchScreen.storyboard */; };
		027ED0602B6202DA00F49DF4 /* LoginViewController.swift in Sources */ = {isa = PBXBuildFile; fileRef = 027ED05F2B6202DA00F49DF4 /* LoginViewController.swift */; };
		027ED0622B62033100F49DF4 /* RegisterViewController.swift in Sources */ = {isa = PBXBuildFile; fileRef = 027ED0612B62033100F49DF4 /* RegisterViewController.swift */; };
		027ED0642B62034500F49DF4 /* PhotoViewerViewController.swift in Sources */ = {isa = PBXBuildFile; fileRef = 027ED0632B62034500F49DF4 /* PhotoViewerViewController.swift */; };
		027ED0662B62035400F49DF4 /* VideoPlayerViewController.swift in Sources */ = {isa = PBXBuildFile; fileRef = 027ED0652B62035400F49DF4 /* VideoPlayerViewController.swift */; };
		027ED0682B62039F00F49DF4 /* NewConversationViewController.swift in Sources */ = {isa = PBXBuildFile; fileRef = 027ED0672B62039F00F49DF4 /* NewConversationViewController.swift */; };
		027ED06A2B6203B200F49DF4 /* ProfileViewController.swift in Sources */ = {isa = PBXBuildFile; fileRef = 027ED0692B6203B200F49DF4 /* ProfileViewController.swift */; };
		027ED06D2B6209B300F49DF4 /* Extensions.swift in Sources */ = {isa = PBXBuildFile; fileRef = 027ED06C2B6209B300F49DF4 /* Extensions.swift */; };
		02D22A392B62A1D1005898B7 /* DatabaseManager.swift in Sources */ = {isa = PBXBuildFile; fileRef = 02D22A382B62A1D1005898B7 /* DatabaseManager.swift */; };
		02D22A3C2B635AB0005898B7 /* MainTabBarViewController.swift in Sources */ = {isa = PBXBuildFile; fileRef = 02D22A3B2B635AB0005898B7 /* MainTabBarViewController.swift */; };
		02D22A3E2B63DE5E005898B7 /* GoogleService-Info.plist in Resources */ = {isa = PBXBuildFile; fileRef = 02D22A3D2B63DE5D005898B7 /* GoogleService-Info.plist */; };
		02D22A402B6642BF005898B7 /* ChatViewController.swift in Sources */ = {isa = PBXBuildFile; fileRef = 02D22A3F2B6642BF005898B7 /* ChatViewController.swift */; };
		02D22A422B666D70005898B7 /* StorageManager.swift in Sources */ = {isa = PBXBuildFile; fileRef = 02D22A412B666D70005898B7 /* StorageManager.swift */; };
		39631E06CF2F82DACECB8E6B /* Pods_Messenger.framework in Frameworks */ = {isa = PBXBuildFile; fileRef = 2987B2119D86EEE604008ACF /* Pods_Messenger.framework */; };
/* End PBXBuildFile section */

/* Begin PBXFileReference section */
		027ED0422B61FDF900F49DF4 /* Messenger.app */ = {isa = PBXFileReference; explicitFileType = wrapper.application; includeInIndex = 0; path = Messenger.app; sourceTree = BUILT_PRODUCTS_DIR; };
		027ED0452B61FDF900F49DF4 /* AppDelegate.swift */ = {isa = PBXFileReference; lastKnownFileType = sourcecode.swift; path = AppDelegate.swift; sourceTree = "<group>"; };
		027ED0472B61FDF900F49DF4 /* SceneDelegate.swift */ = {isa = PBXFileReference; lastKnownFileType = sourcecode.swift; path = SceneDelegate.swift; sourceTree = "<group>"; };
		027ED0492B61FDF900F49DF4 /* ConversationsViewController.swift */ = {isa = PBXFileReference; lastKnownFileType = sourcecode.swift; path = ConversationsViewController.swift; sourceTree = "<group>"; };
		027ED04C2B61FDF900F49DF4 /* Base */ = {isa = PBXFileReference; lastKnownFileType = file.storyboard; name = Base; path = Base.lproj/Main.storyboard; sourceTree = "<group>"; };
		027ED04E2B61FDFA00F49DF4 /* Assets.xcassets */ = {isa = PBXFileReference; lastKnownFileType = folder.assetcatalog; path = Assets.xcassets; sourceTree = "<group>"; };
		027ED0512B61FDFA00F49DF4 /* Base */ = {isa = PBXFileReference; lastKnownFileType = file.storyboard; name = Base; path = Base.lproj/LaunchScreen.storyboard; sourceTree = "<group>"; };
		027ED0532B61FDFA00F49DF4 /* Info.plist */ = {isa = PBXFileReference; lastKnownFileType = text.plist.xml; path = Info.plist; sourceTree = "<group>"; };
		027ED05F2B6202DA00F49DF4 /* LoginViewController.swift */ = {isa = PBXFileReference; lastKnownFileType = sourcecode.swift; path = LoginViewController.swift; sourceTree = "<group>"; };
		027ED0612B62033100F49DF4 /* RegisterViewController.swift */ = {isa = PBXFileReference; lastKnownFileType = sourcecode.swift; path = RegisterViewController.swift; sourceTree = "<group>"; };
		027ED0632B62034500F49DF4 /* PhotoViewerViewController.swift */ = {isa = PBXFileReference; lastKnownFileType = sourcecode.swift; path = PhotoViewerViewController.swift; sourceTree = "<group>"; };
		027ED0652B62035400F49DF4 /* VideoPlayerViewController.swift */ = {isa = PBXFileReference; lastKnownFileType = sourcecode.swift; path = VideoPlayerViewController.swift; sourceTree = "<group>"; };
		027ED0672B62039F00F49DF4 /* NewConversationViewController.swift */ = {isa = PBXFileReference; lastKnownFileType = sourcecode.swift; path = NewConversationViewController.swift; sourceTree = "<group>"; };
		027ED0692B6203B200F49DF4 /* ProfileViewController.swift */ = {isa = PBXFileReference; lastKnownFileType = sourcecode.swift; path = ProfileViewController.swift; sourceTree = "<group>"; };
		027ED06C2B6209B300F49DF4 /* Extensions.swift */ = {isa = PBXFileReference; lastKnownFileType = sourcecode.swift; path = Extensions.swift; sourceTree = "<group>"; };
		02D22A382B62A1D1005898B7 /* DatabaseManager.swift */ = {isa = PBXFileReference; lastKnownFileType = sourcecode.swift; path = DatabaseManager.swift; sourceTree = "<group>"; };
		02D22A3B2B635AB0005898B7 /* MainTabBarViewController.swift */ = {isa = PBXFileReference; fileEncoding = 4; lastKnownFileType = sourcecode.swift; path = MainTabBarViewController.swift; sourceTree = "<group>"; };
		02D22A3D2B63DE5D005898B7 /* GoogleService-Info.plist */ = {isa = PBXFileReference; fileEncoding = 4; lastKnownFileType = text.plist.xml; name = "GoogleService-Info.plist"; path = "../../../../Desktop/GoogleService-Info.plist"; sourceTree = "<group>"; };
		02D22A3F2B6642BF005898B7 /* ChatViewController.swift */ = {isa = PBXFileReference; lastKnownFileType = sourcecode.swift; path = ChatViewController.swift; sourceTree = "<group>"; };
		02D22A412B666D70005898B7 /* StorageManager.swift */ = {isa = PBXFileReference; lastKnownFileType = sourcecode.swift; path = StorageManager.swift; sourceTree = "<group>"; };
		2987B2119D86EEE604008ACF /* Pods_Messenger.framework */ = {isa = PBXFileReference; explicitFileType = wrapper.framework; includeInIndex = 0; path = Pods_Messenger.framework; sourceTree = BUILT_PRODUCTS_DIR; };
		A1AF01F472C6F356220943C7 /* Pods-Messenger.debug.xcconfig */ = {isa = PBXFileReference; includeInIndex = 1; lastKnownFileType = text.xcconfig; name = "Pods-Messenger.debug.xcconfig"; path = "Target Support Files/Pods-Messenger/Pods-Messenger.debug.xcconfig"; sourceTree = "<group>"; };
		AF78DBC6F75047F6D829570F /* Pods-Messenger.release.xcconfig */ = {isa = PBXFileReference; includeInIndex = 1; lastKnownFileType = text.xcconfig; name = "Pods-Messenger.release.xcconfig"; path = "Target Support Files/Pods-Messenger/Pods-Messenger.release.xcconfig"; sourceTree = "<group>"; };
/* End PBXFileReference section */

/* Begin PBXFrameworksBuildPhase section */
		027ED03F2B61FDF900F49DF4 /* Frameworks */ = {
			isa = PBXFrameworksBuildPhase;
			buildActionMask = 2147483647;
			files = (
				39631E06CF2F82DACECB8E6B /* Pods_Messenger.framework in Frameworks */,
			);
			runOnlyForDeploymentPostprocessing = 0;
		};
/* End PBXFrameworksBuildPhase section */

/* Begin PBXGroup section */
		01FF7A3D9583CBFEDC224F88 /* Pods */ = {
			isa = PBXGroup;
			children = (
				A1AF01F472C6F356220943C7 /* Pods-Messenger.debug.xcconfig */,
				AF78DBC6F75047F6D829570F /* Pods-Messenger.release.xcconfig */,
			);
			path = Pods;
			sourceTree = "<group>";
		};
		027ED0392B61FDF900F49DF4 = {
			isa = PBXGroup;
			children = (
				02D22A3D2B63DE5D005898B7 /* GoogleService-Info.plist */,
				027ED0442B61FDF900F49DF4 /* Messenger */,
				027ED0432B61FDF900F49DF4 /* Products */,
				01FF7A3D9583CBFEDC224F88 /* Pods */,
				8DCE3F28E7521AB604638961 /* Frameworks */,
			);
			sourceTree = "<group>";
		};
		027ED0432B61FDF900F49DF4 /* Products */ = {
			isa = PBXGroup;
			children = (
				027ED0422B61FDF900F49DF4 /* Messenger.app */,
			);
			name = Products;
			sourceTree = "<group>";
		};
		027ED0442B61FDF900F49DF4 /* Messenger */ = {
			isa = PBXGroup;
			children = (
				02D22A3A2B635A9D005898B7 /* TabBar */,
				027ED05D2B6200C000F49DF4 /* Resources */,
				027ED05C2B6200BA00F49DF4 /* ViewModels */,
				027ED05B2B6200B800F49DF4 /* Models */,
				027ED05A2B6200B500F49DF4 /* Views */,
				027ED0592B6200B300F49DF4 /* Controllers */,
				027ED0532B61FDFA00F49DF4 /* Info.plist */,
			);
			path = Messenger;
			sourceTree = "<group>";
		};
		027ED0592B6200B300F49DF4 /* Controllers */ = {
			isa = PBXGroup;
			children = (
				027ED0492B61FDF900F49DF4 /* ConversationsViewController.swift */,
				027ED06B2B62045000F49DF4 /* Login */,
				027ED0632B62034500F49DF4 /* PhotoViewerViewController.swift */,
				027ED0652B62035400F49DF4 /* VideoPlayerViewController.swift */,
				027ED0672B62039F00F49DF4 /* NewConversationViewController.swift */,
				027ED0692B6203B200F49DF4 /* ProfileViewController.swift */,
				02D22A3F2B6642BF005898B7 /* ChatViewController.swift */,
			);
			path = Controllers;
			sourceTree = "<group>";
		};
		027ED05A2B6200B500F49DF4 /* Views */ = {
			isa = PBXGroup;
			children = (
				027ED04E2B61FDFA00F49DF4 /* Assets.xcassets */,
				027ED05E2B62013900F49DF4 /* Storyboards */,
			);
			path = Views;
			sourceTree = "<group>";
		};
		027ED05B2B6200B800F49DF4 /* Models */ = {
			isa = PBXGroup;
			children = (
			);
			path = Models;
			sourceTree = "<group>";
		};
		027ED05C2B6200BA00F49DF4 /* ViewModels */ = {
			isa = PBXGroup;
			children = (
			);
			path = ViewModels;
			sourceTree = "<group>";
		};
		027ED05D2B6200C000F49DF4 /* Resources */ = {
			isa = PBXGroup;
			children = (
				027ED0452B61FDF900F49DF4 /* AppDelegate.swift */,
				027ED0472B61FDF900F49DF4 /* SceneDelegate.swift */,
				027ED06C2B6209B300F49DF4 /* Extensions.swift */,
				02D22A382B62A1D1005898B7 /* DatabaseManager.swift */,
				02D22A412B666D70005898B7 /* StorageManager.swift */,
			);
			path = Resources;
			sourceTree = "<group>";
		};
		027ED05E2B62013900F49DF4 /* Storyboards */ = {
			isa = PBXGroup;
			children = (
				027ED04B2B61FDF900F49DF4 /* Main.storyboard */,
				027ED0502B61FDFA00F49DF4 /* LaunchScreen.storyboard */,
			);
			path = Storyboards;
			sourceTree = "<group>";
		};
		027ED06B2B62045000F49DF4 /* Login */ = {
			isa = PBXGroup;
			children = (
				027ED05F2B6202DA00F49DF4 /* LoginViewController.swift */,
				027ED0612B62033100F49DF4 /* RegisterViewController.swift */,
			);
			path = Login;
			sourceTree = "<group>";
		};
		02D22A3A2B635A9D005898B7 /* TabBar */ = {
			isa = PBXGroup;
			children = (
				02D22A3B2B635AB0005898B7 /* MainTabBarViewController.swift */,
			);
			path = TabBar;
			sourceTree = "<group>";
		};
		8DCE3F28E7521AB604638961 /* Frameworks */ = {
			isa = PBXGroup;
			children = (
				2987B2119D86EEE604008ACF /* Pods_Messenger.framework */,
			);
			name = Frameworks;
			sourceTree = "<group>";
		};
/* End PBXGroup section */

/* Begin PBXNativeTarget section */
		027ED0412B61FDF900F49DF4 /* Messenger */ = {
			isa = PBXNativeTarget;
			buildConfigurationList = 027ED0562B61FDFA00F49DF4 /* Build configuration list for PBXNativeTarget "Messenger" */;
			buildPhases = (
				3728F29F4B05CF1C46644F7C /* [CP] Check Pods Manifest.lock */,
				027ED03E2B61FDF900F49DF4 /* Sources */,
				027ED03F2B61FDF900F49DF4 /* Frameworks */,
				027ED0402B61FDF900F49DF4 /* Resources */,
				491CFF53E58DFAD1DDDEB63E /* [CP] Embed Pods Frameworks */,
			);
			buildRules = (
			);
			dependencies = (
			);
			name = Messenger;
			productName = Messenger;
			productReference = 027ED0422B61FDF900F49DF4 /* Messenger.app */;
			productType = "com.apple.product-type.application";
		};
/* End PBXNativeTarget section */

/* Begin PBXProject section */
		027ED03A2B61FDF900F49DF4 /* Project object */ = {
			isa = PBXProject;
			attributes = {
				BuildIndependentTargetsInParallel = 1;
				LastSwiftUpdateCheck = 1500;
				LastUpgradeCheck = 1500;
				TargetAttributes = {
					027ED0412B61FDF900F49DF4 = {
						CreatedOnToolsVersion = 15.0.1;
					};
				};
			};
			buildConfigurationList = 027ED03D2B61FDF900F49DF4 /* Build configuration list for PBXProject "Messenger" */;
			compatibilityVersion = "Xcode 14.0";
			developmentRegion = en;
			hasScannedForEncodings = 0;
			knownRegions = (
				en,
				Base,
			);
			mainGroup = 027ED0392B61FDF900F49DF4;
			productRefGroup = 027ED0432B61FDF900F49DF4 /* Products */;
			projectDirPath = "";
			projectRoot = "";
			targets = (
				027ED0412B61FDF900F49DF4 /* Messenger */,
			);
		};
/* End PBXProject section */

/* Begin PBXResourcesBuildPhase section */
		027ED0402B61FDF900F49DF4 /* Resources */ = {
			isa = PBXResourcesBuildPhase;
			buildActionMask = 2147483647;
			files = (
				027ED0522B61FDFA00F49DF4 /* LaunchScreen.storyboard in Resources */,
				02D22A3E2B63DE5E005898B7 /* GoogleService-Info.plist in Resources */,
				027ED04F2B61FDFA00F49DF4 /* Assets.xcassets in Resources */,
				027ED04D2B61FDF900F49DF4 /* Main.storyboard in Resources */,
			);
			runOnlyForDeploymentPostprocessing = 0;
		};
/* End PBXResourcesBuildPhase section */

/* Begin PBXShellScriptBuildPhase section */
		3728F29F4B05CF1C46644F7C /* [CP] Check Pods Manifest.lock */ = {
			isa = PBXShellScriptBuildPhase;
			buildActionMask = 2147483647;
			files = (
			);
			inputFileListPaths = (
			);
			inputPaths = (
				"${PODS_PODFILE_DIR_PATH}/Podfile.lock",
				"${PODS_ROOT}/Manifest.lock",
			);
			name = "[CP] Check Pods Manifest.lock";
			outputFileListPaths = (
			);
			outputPaths = (
				"$(DERIVED_FILE_DIR)/Pods-Messenger-checkManifestLockResult.txt",
			);
			runOnlyForDeploymentPostprocessing = 0;
			shellPath = /bin/sh;
			shellScript = "diff \"${PODS_PODFILE_DIR_PATH}/Podfile.lock\" \"${PODS_ROOT}/Manifest.lock\" > /dev/null\nif [ $? != 0 ] ; then\n    # print error to STDERR\n    echo \"error: The sandbox is not in sync with the Podfile.lock. Run 'pod install' or update your CocoaPods installation.\" >&2\n    exit 1\nfi\n# This output is used by Xcode 'outputs' to avoid re-running this script phase.\necho \"SUCCESS\" > \"${SCRIPT_OUTPUT_FILE_0}\"\n";
			showEnvVarsInLog = 0;
		};
		491CFF53E58DFAD1DDDEB63E /* [CP] Embed Pods Frameworks */ = {
			isa = PBXShellScriptBuildPhase;
			buildActionMask = 2147483647;
			files = (
			);
			inputFileListPaths = (
				"${PODS_ROOT}/Target Support Files/Pods-Messenger/Pods-Messenger-frameworks-${CONFIGURATION}-input-files.xcfilelist",
			);
			name = "[CP] Embed Pods Frameworks";
			outputFileListPaths = (
				"${PODS_ROOT}/Target Support Files/Pods-Messenger/Pods-Messenger-frameworks-${CONFIGURATION}-output-files.xcfilelist",
			);
			runOnlyForDeploymentPostprocessing = 0;
			shellPath = /bin/sh;
			shellScript = "\"${PODS_ROOT}/Target Support Files/Pods-Messenger/Pods-Messenger-frameworks.sh\"\n";
			showEnvVarsInLog = 0;
		};
/* End PBXShellScriptBuildPhase section */

/* Begin PBXSourcesBuildPhase section */
		027ED03E2B61FDF900F49DF4 /* Sources */ = {
			isa = PBXSourcesBuildPhase;
			buildActionMask = 2147483647;
			files = (
				027ED0602B6202DA00F49DF4 /* LoginViewController.swift in Sources */,
				02D22A392B62A1D1005898B7 /* DatabaseManager.swift in Sources */,
				027ED0622B62033100F49DF4 /* RegisterViewController.swift in Sources */,
				02D22A422B666D70005898B7 /* StorageManager.swift in Sources */,
				027ED0682B62039F00F49DF4 /* NewConversationViewController.swift in Sources */,
				027ED04A2B61FDF900F49DF4 /* ConversationsViewController.swift in Sources */,
				027ED0662B62035400F49DF4 /* VideoPlayerViewController.swift in Sources */,
				027ED06D2B6209B300F49DF4 /* Extensions.swift in Sources */,
				027ED0462B61FDF900F49DF4 /* AppDelegate.swift in Sources */,
				027ED06A2B6203B200F49DF4 /* ProfileViewController.swift in Sources */,
				02D22A402B6642BF005898B7 /* ChatViewController.swift in Sources */,
				02D22A3C2B635AB0005898B7 /* MainTabBarViewController.swift in Sources */,
				027ED0482B61FDF900F49DF4 /* SceneDelegate.swift in Sources */,
				027ED0642B62034500F49DF4 /* PhotoViewerViewController.swift in Sources */,
			);
			runOnlyForDeploymentPostprocessing = 0;
		};
/* End PBXSourcesBuildPhase section */

/* Begin PBXVariantGroup section */
		027ED04B2B61FDF900F49DF4 /* Main.storyboard */ = {
			isa = PBXVariantGroup;
			children = (
				027ED04C2B61FDF900F49DF4 /* Base */,
			);
			name = Main.storyboard;
			sourceTree = "<group>";
		};
		027ED0502B61FDFA00F49DF4 /* LaunchScreen.storyboard */ = {
			isa = PBXVariantGroup;
			children = (
				027ED0512B61FDFA00F49DF4 /* Base */,
			);
			name = LaunchScreen.storyboard;
			sourceTree = "<group>";
		};
/* End PBXVariantGroup section */

/* Begin XCBuildConfiguration section */
		027ED0542B61FDFA00F49DF4 /* Debug */ = {
			isa = XCBuildConfiguration;
			buildSettings = {
				ALWAYS_SEARCH_USER_PATHS = NO;
				ASSETCATALOG_COMPILER_GENERATE_SWIFT_ASSET_SYMBOL_EXTENSIONS = YES;
				CLANG_ANALYZER_NONNULL = YES;
				CLANG_ANALYZER_NUMBER_OBJECT_CONVERSION = YES_AGGRESSIVE;
				CLANG_CXX_LANGUAGE_STANDARD = "gnu++20";
				CLANG_ENABLE_MODULES = YES;
				CLANG_ENABLE_OBJC_ARC = YES;
				CLANG_ENABLE_OBJC_WEAK = YES;
				CLANG_WARN_BLOCK_CAPTURE_AUTORELEASING = YES;
				CLANG_WARN_BOOL_CONVERSION = YES;
				CLANG_WARN_COMMA = YES;
				CLANG_WARN_CONSTANT_CONVERSION = YES;
				CLANG_WARN_DEPRECATED_OBJC_IMPLEMENTATIONS = YES;
				CLANG_WARN_DIRECT_OBJC_ISA_USAGE = YES_ERROR;
				CLANG_WARN_DOCUMENTATION_COMMENTS = YES;
				CLANG_WARN_EMPTY_BODY = YES;
				CLANG_WARN_ENUM_CONVERSION = YES;
				CLANG_WARN_INFINITE_RECURSION = YES;
				CLANG_WARN_INT_CONVERSION = YES;
				CLANG_WARN_NON_LITERAL_NULL_CONVERSION = YES;
				CLANG_WARN_OBJC_IMPLICIT_RETAIN_SELF = YES;
				CLANG_WARN_OBJC_LITERAL_CONVERSION = YES;
				CLANG_WARN_OBJC_ROOT_CLASS = YES_ERROR;
				CLANG_WARN_QUOTED_INCLUDE_IN_FRAMEWORK_HEADER = YES;
				CLANG_WARN_RANGE_LOOP_ANALYSIS = YES;
				CLANG_WARN_STRICT_PROTOTYPES = YES;
				CLANG_WARN_SUSPICIOUS_MOVE = YES;
				CLANG_WARN_UNGUARDED_AVAILABILITY = YES_AGGRESSIVE;
				CLANG_WARN_UNREACHABLE_CODE = YES;
				CLANG_WARN__DUPLICATE_METHOD_MATCH = YES;
				COPY_PHASE_STRIP = NO;
				DEBUG_INFORMATION_FORMAT = dwarf;
				ENABLE_STRICT_OBJC_MSGSEND = YES;
				ENABLE_TESTABILITY = YES;
				ENABLE_USER_SCRIPT_SANDBOXING = NO;
				GCC_C_LANGUAGE_STANDARD = gnu17;
				GCC_DYNAMIC_NO_PIC = NO;
				GCC_NO_COMMON_BLOCKS = YES;
				GCC_OPTIMIZATION_LEVEL = 0;
				GCC_PREPROCESSOR_DEFINITIONS = (
					"DEBUG=1",
					"$(inherited)",
				);
				GCC_WARN_64_TO_32_BIT_CONVERSION = YES;
				GCC_WARN_ABOUT_RETURN_TYPE = YES_ERROR;
				GCC_WARN_UNDECLARED_SELECTOR = YES;
				GCC_WARN_UNINITIALIZED_AUTOS = YES_AGGRESSIVE;
				GCC_WARN_UNUSED_FUNCTION = YES;
				GCC_WARN_UNUSED_VARIABLE = YES;
				IPHONEOS_DEPLOYMENT_TARGET = 17.0;
				LOCALIZATION_PREFERS_STRING_CATALOGS = YES;
				MTL_ENABLE_DEBUG_INFO = INCLUDE_SOURCE;
				MTL_FAST_MATH = YES;
				ONLY_ACTIVE_ARCH = YES;
				SDKROOT = iphoneos;
				SWIFT_ACTIVE_COMPILATION_CONDITIONS = "DEBUG $(inherited)";
				SWIFT_OPTIMIZATION_LEVEL = "-Onone";
			};
			name = Debug;
		};
		027ED0552B61FDFA00F49DF4 /* Release */ = {
			isa = XCBuildConfiguration;
			buildSettings = {
				ALWAYS_SEARCH_USER_PATHS = NO;
				ASSETCATALOG_COMPILER_GENERATE_SWIFT_ASSET_SYMBOL_EXTENSIONS = YES;
				CLANG_ANALYZER_NONNULL = YES;
				CLANG_ANALYZER_NUMBER_OBJECT_CONVERSION = YES_AGGRESSIVE;
				CLANG_CXX_LANGUAGE_STANDARD = "gnu++20";
				CLANG_ENABLE_MODULES = YES;
				CLANG_ENABLE_OBJC_ARC = YES;
				CLANG_ENABLE_OBJC_WEAK = YES;
				CLANG_WARN_BLOCK_CAPTURE_AUTORELEASING = YES;
				CLANG_WARN_BOOL_CONVERSION = YES;
				CLANG_WARN_COMMA = YES;
				CLANG_WARN_CONSTANT_CONVERSION = YES;
				CLANG_WARN_DEPRECATED_OBJC_IMPLEMENTATIONS = YES;
				CLANG_WARN_DIRECT_OBJC_ISA_USAGE = YES_ERROR;
				CLANG_WARN_DOCUMENTATION_COMMENTS = YES;
				CLANG_WARN_EMPTY_BODY = YES;
				CLANG_WARN_ENUM_CONVERSION = YES;
				CLANG_WARN_INFINITE_RECURSION = YES;
				CLANG_WARN_INT_CONVERSION = YES;
				CLANG_WARN_NON_LITERAL_NULL_CONVERSION = YES;
				CLANG_WARN_OBJC_IMPLICIT_RETAIN_SELF = YES;
				CLANG_WARN_OBJC_LITERAL_CONVERSION = YES;
				CLANG_WARN_OBJC_ROOT_CLASS = YES_ERROR;
				CLANG_WARN_QUOTED_INCLUDE_IN_FRAMEWORK_HEADER = YES;
				CLANG_WARN_RANGE_LOOP_ANALYSIS = YES;
				CLANG_WARN_STRICT_PROTOTYPES = YES;
				CLANG_WARN_SUSPICIOUS_MOVE = YES;
				CLANG_WARN_UNGUARDED_AVAILABILITY = YES_AGGRESSIVE;
				CLANG_WARN_UNREACHABLE_CODE = YES;
				CLANG_WARN__DUPLICATE_METHOD_MATCH = YES;
				COPY_PHASE_STRIP = NO;
				DEBUG_INFORMATION_FORMAT = "dwarf-with-dsym";
				ENABLE_NS_ASSERTIONS = NO;
				ENABLE_STRICT_OBJC_MSGSEND = YES;
				ENABLE_USER_SCRIPT_SANDBOXING = NO;
				GCC_C_LANGUAGE_STANDARD = gnu17;
				GCC_NO_COMMON_BLOCKS = YES;
				GCC_WARN_64_TO_32_BIT_CONVERSION = YES;
				GCC_WARN_ABOUT_RETURN_TYPE = YES_ERROR;
				GCC_WARN_UNDECLARED_SELECTOR = YES;
				GCC_WARN_UNINITIALIZED_AUTOS = YES_AGGRESSIVE;
				GCC_WARN_UNUSED_FUNCTION = YES;
				GCC_WARN_UNUSED_VARIABLE = YES;
				IPHONEOS_DEPLOYMENT_TARGET = 17.0;
				LOCALIZATION_PREFERS_STRING_CATALOGS = YES;
				MTL_ENABLE_DEBUG_INFO = NO;
				MTL_FAST_MATH = YES;
				SDKROOT = iphoneos;
				SWIFT_COMPILATION_MODE = wholemodule;
				VALIDATE_PRODUCT = YES;
			};
			name = Release;
		};
		027ED0572B61FDFA00F49DF4 /* Debug */ = {
			isa = XCBuildConfiguration;
			baseConfigurationReference = A1AF01F472C6F356220943C7 /* Pods-Messenger.debug.xcconfig */;
			buildSettings = {
				ASSETCATALOG_COMPILER_APPICON_NAME = AppIcon;
				ASSETCATALOG_COMPILER_GLOBAL_ACCENT_COLOR_NAME = AccentColor;
				CODE_SIGN_STYLE = Automatic;
				CURRENT_PROJECT_VERSION = 1;
				DEVELOPMENT_TEAM = S4URMM3RJV;
				GENERATE_INFOPLIST_FILE = YES;
				INFOPLIST_FILE = Messenger/Info.plist;
				INFOPLIST_KEY_NSCameraUsageDescription = "Please allow access to take a profile picture";
				INFOPLIST_KEY_NSPhotoLibraryUsageDescription = "Please allow access to select a photo for your profile.";
				INFOPLIST_KEY_UIApplicationSupportsIndirectInputEvents = YES;
				INFOPLIST_KEY_UILaunchStoryboardName = LaunchScreen;
				INFOPLIST_KEY_UIMainStoryboardFile = Main;
				INFOPLIST_KEY_UISupportedInterfaceOrientations = UIInterfaceOrientationPortrait;
				INFOPLIST_KEY_UISupportedInterfaceOrientations_iPad = "UIInterfaceOrientationLandscapeLeft UIInterfaceOrientationLandscapeRight UIInterfaceOrientationPortrait UIInterfaceOrientationPortraitUpsideDown";
				LD_RUNPATH_SEARCH_PATHS = (
					"$(inherited)",
					"@executable_path/Frameworks",
				);
				MARKETING_VERSION = 1.0;
				PRODUCT_BUNDLE_IDENTIFIER = com.Logan.Messenger;
				PRODUCT_NAME = "$(TARGET_NAME)";
				SWIFT_EMIT_LOC_STRINGS = YES;
				SWIFT_VERSION = 5.0;
				TARGETED_DEVICE_FAMILY = "1,2";
			};
			name = Debug;
		};
		027ED0582B61FDFA00F49DF4 /* Release */ = {
			isa = XCBuildConfiguration;
			baseConfigurationReference = AF78DBC6F75047F6D829570F /* Pods-Messenger.release.xcconfig */;
			buildSettings = {
				ASSETCATALOG_COMPILER_APPICON_NAME = AppIcon;
				ASSETCATALOG_COMPILER_GLOBAL_ACCENT_COLOR_NAME = AccentColor;
				CODE_SIGN_STYLE = Automatic;
				CURRENT_PROJECT_VERSION = 1;
				DEVELOPMENT_TEAM = S4URMM3RJV;
				GENERATE_INFOPLIST_FILE = YES;
				INFOPLIST_FILE = Messenger/Info.plist;
				INFOPLIST_KEY_NSCameraUsageDescription = "Please allow access to take a profile picture";
				INFOPLIST_KEY_NSPhotoLibraryUsageDescription = "Please allow access to select a photo for your profile.";
				INFOPLIST_KEY_UIApplicationSupportsIndirectInputEvents = YES;
				INFOPLIST_KEY_UILaunchStoryboardName = LaunchScreen;
				INFOPLIST_KEY_UIMainStoryboardFile = Main;
				INFOPLIST_KEY_UISupportedInterfaceOrientations = UIInterfaceOrientationPortrait;
				INFOPLIST_KEY_UISupportedInterfaceOrientations_iPad = "UIInterfaceOrientationLandscapeLeft UIInterfaceOrientationLandscapeRight UIInterfaceOrientationPortrait UIInterfaceOrientationPortraitUpsideDown";
				LD_RUNPATH_SEARCH_PATHS = (
					"$(inherited)",
					"@executable_path/Frameworks",
				);
				MARKETING_VERSION = 1.0;
				PRODUCT_BUNDLE_IDENTIFIER = com.Logan.Messenger;
				PRODUCT_NAME = "$(TARGET_NAME)";
				SWIFT_EMIT_LOC_STRINGS = YES;
				SWIFT_VERSION = 5.0;
				TARGETED_DEVICE_FAMILY = "1,2";
			};
			name = Release;
		};
/* End XCBuildConfiguration section */

/* Begin XCConfigurationList section */
		027ED03D2B61FDF900F49DF4 /* Build configuration list for PBXProject "Messenger" */ = {
			isa = XCConfigurationList;
			buildConfigurations = (
				027ED0542B61FDFA00F49DF4 /* Debug */,
				027ED0552B61FDFA00F49DF4 /* Release */,
			);
			defaultConfigurationIsVisible = 0;
			defaultConfigurationName = Release;
		};
		027ED0562B61FDFA00F49DF4 /* Build configuration list for PBXNativeTarget "Messenger" */ = {
			isa = XCConfigurationList;
			buildConfigurations = (
				027ED0572B61FDFA00F49DF4 /* Debug */,
				027ED0582B61FDFA00F49DF4 /* Release */,
			);
			defaultConfigurationIsVisible = 0;
			defaultConfigurationName = Release;
		};
/* End XCConfigurationList section */
	};
	rootObject = 027ED03A2B61FDF900F49DF4 /* Project object */;
}
